// !$*UTF8*$!
{
	archiveVersion = 1;
	classes = {
	};
	objectVersion = 48;
	objects = {

/* Begin PBXBuildFile section */
		1969633B202A9AF900C9D9F9 /* Main.storyboard in Resources */ = {isa = PBXBuildFile; fileRef = 19696339202A9AF900C9D9F9 /* Main.storyboard */; };
		1969633D202A9AF900C9D9F9 /* Assets.xcassets in Resources */ = {isa = PBXBuildFile; fileRef = 1969633C202A9AF900C9D9F9 /* Assets.xcassets */; };
		19696340202A9AF900C9D9F9 /* LaunchScreen.storyboard in Resources */ = {isa = PBXBuildFile; fileRef = 1969633E202A9AF900C9D9F9 /* LaunchScreen.storyboard */; };
		1969634B202A9AF900C9D9F9 /* littleWhiteTests.swift in Sources */ = {isa = PBXBuildFile; fileRef = 1969634A202A9AF900C9D9F9 /* littleWhiteTests.swift */; };
		19696356202A9AF900C9D9F9 /* littleWhiteUITests.swift in Sources */ = {isa = PBXBuildFile; fileRef = 19696355202A9AF900C9D9F9 /* littleWhiteUITests.swift */; };
		19696380202AD30D00C9D9F9 /* LWTConfig.swift in Sources */ = {isa = PBXBuildFile; fileRef = 1969637A202AD30D00C9D9F9 /* LWTConfig.swift */; };
		19696381202AD30D00C9D9F9 /* AppDelegate.swift in Sources */ = {isa = PBXBuildFile; fileRef = 1969637B202AD30D00C9D9F9 /* AppDelegate.swift */; };
		19696382202AD30D00C9D9F9 /* ViewController.swift in Sources */ = {isa = PBXBuildFile; fileRef = 1969637D202AD30D00C9D9F9 /* ViewController.swift */; };
		19696383202AD30D00C9D9F9 /* LWTTabBarController.swift in Sources */ = {isa = PBXBuildFile; fileRef = 1969637E202AD30D00C9D9F9 /* LWTTabBarController.swift */; };
		19696385202AD46E00C9D9F9 /* LWTLearnTimerViewController.swift in Sources */ = {isa = PBXBuildFile; fileRef = 19696384202AD46E00C9D9F9 /* LWTLearnTimerViewController.swift */; };
		19696387202AD48400C9D9F9 /* LWTDailyDataViewController.swift in Sources */ = {isa = PBXBuildFile; fileRef = 19696386202AD48400C9D9F9 /* LWTDailyDataViewController.swift */; };
		19696389202AD57600C9D9F9 /* LWTCompletedViewController.swift in Sources */ = {isa = PBXBuildFile; fileRef = 19696388202AD57600C9D9F9 /* LWTCompletedViewController.swift */; };
		1969638B202AD5BF00C9D9F9 /* LWTSettingViewController.swift in Sources */ = {isa = PBXBuildFile; fileRef = 1969638A202AD5BF00C9D9F9 /* LWTSettingViewController.swift */; };
		19696395203194D100C9D9F9 /* LWTDBManager.swift in Sources */ = {isa = PBXBuildFile; fileRef = 19696394203194D100C9D9F9 /* LWTDBManager.swift */; };
		198BD6532034954D00FEA818 /* LWTSettingTableViewCell.swift in Sources */ = {isa = PBXBuildFile; fileRef = 198BD6522034954D00FEA818 /* LWTSettingTableViewCell.swift */; };
		E2C5563B60EB8ADFFCEC2C81 /* Pods_littleWhite.framework in Frameworks */ = {isa = PBXBuildFile; fileRef = 0F81A3ADA8946D3D5502A42F /* Pods_littleWhite.framework */; };
/* End PBXBuildFile section */

/* Begin PBXContainerItemProxy section */
		19696347202A9AF900C9D9F9 /* PBXContainerItemProxy */ = {
			isa = PBXContainerItemProxy;
			containerPortal = 1969632A202A9AF900C9D9F9 /* Project object */;
			proxyType = 1;
			remoteGlobalIDString = 19696331202A9AF900C9D9F9;
			remoteInfo = littleWhite;
		};
		19696352202A9AF900C9D9F9 /* PBXContainerItemProxy */ = {
			isa = PBXContainerItemProxy;
			containerPortal = 1969632A202A9AF900C9D9F9 /* Project object */;
			proxyType = 1;
			remoteGlobalIDString = 19696331202A9AF900C9D9F9;
			remoteInfo = littleWhite;
		};
/* End PBXContainerItemProxy section */

/* Begin PBXFileReference section */
		0F81A3ADA8946D3D5502A42F /* Pods_littleWhite.framework */ = {isa = PBXFileReference; explicitFileType = wrapper.framework; includeInIndex = 0; path = Pods_littleWhite.framework; sourceTree = BUILT_PRODUCTS_DIR; };
		19696332202A9AF900C9D9F9 /* littleWhite.app */ = {isa = PBXFileReference; explicitFileType = wrapper.application; includeInIndex = 0; path = littleWhite.app; sourceTree = BUILT_PRODUCTS_DIR; };
		1969633A202A9AF900C9D9F9 /* Base */ = {isa = PBXFileReference; lastKnownFileType = file.storyboard; name = Base; path = Base.lproj/Main.storyboard; sourceTree = "<group>"; };
		1969633C202A9AF900C9D9F9 /* Assets.xcassets */ = {isa = PBXFileReference; lastKnownFileType = folder.assetcatalog; path = Assets.xcassets; sourceTree = "<group>"; };
		1969633F202A9AF900C9D9F9 /* Base */ = {isa = PBXFileReference; lastKnownFileType = file.storyboard; name = Base; path = Base.lproj/LaunchScreen.storyboard; sourceTree = "<group>"; };
		19696341202A9AF900C9D9F9 /* Info.plist */ = {isa = PBXFileReference; lastKnownFileType = text.plist.xml; path = Info.plist; sourceTree = "<group>"; };
		19696346202A9AF900C9D9F9 /* littleWhiteTests.xctest */ = {isa = PBXFileReference; explicitFileType = wrapper.cfbundle; includeInIndex = 0; path = littleWhiteTests.xctest; sourceTree = BUILT_PRODUCTS_DIR; };
		1969634A202A9AF900C9D9F9 /* littleWhiteTests.swift */ = {isa = PBXFileReference; lastKnownFileType = sourcecode.swift; path = littleWhiteTests.swift; sourceTree = "<group>"; };
		1969634C202A9AF900C9D9F9 /* Info.plist */ = {isa = PBXFileReference; lastKnownFileType = text.plist.xml; path = Info.plist; sourceTree = "<group>"; };
		19696351202A9AF900C9D9F9 /* littleWhiteUITests.xctest */ = {isa = PBXFileReference; explicitFileType = wrapper.cfbundle; includeInIndex = 0; path = littleWhiteUITests.xctest; sourceTree = BUILT_PRODUCTS_DIR; };
		19696355202A9AF900C9D9F9 /* littleWhiteUITests.swift */ = {isa = PBXFileReference; lastKnownFileType = sourcecode.swift; path = littleWhiteUITests.swift; sourceTree = "<group>"; };
		19696357202A9AF900C9D9F9 /* Info.plist */ = {isa = PBXFileReference; lastKnownFileType = text.plist.xml; path = Info.plist; sourceTree = "<group>"; };
		1969637A202AD30D00C9D9F9 /* LWTConfig.swift */ = {isa = PBXFileReference; fileEncoding = 4; lastKnownFileType = sourcecode.swift; path = LWTConfig.swift; sourceTree = "<group>"; };
		1969637B202AD30D00C9D9F9 /* AppDelegate.swift */ = {isa = PBXFileReference; fileEncoding = 4; lastKnownFileType = sourcecode.swift; path = AppDelegate.swift; sourceTree = "<group>"; };
		1969637D202AD30D00C9D9F9 /* ViewController.swift */ = {isa = PBXFileReference; fileEncoding = 4; lastKnownFileType = sourcecode.swift; path = ViewController.swift; sourceTree = "<group>"; };
		1969637E202AD30D00C9D9F9 /* LWTTabBarController.swift */ = {isa = PBXFileReference; fileEncoding = 4; lastKnownFileType = sourcecode.swift; path = LWTTabBarController.swift; sourceTree = "<group>"; };
		19696384202AD46E00C9D9F9 /* LWTLearnTimerViewController.swift */ = {isa = PBXFileReference; lastKnownFileType = sourcecode.swift; path = LWTLearnTimerViewController.swift; sourceTree = "<group>"; };
		19696386202AD48400C9D9F9 /* LWTDailyDataViewController.swift */ = {isa = PBXFileReference; lastKnownFileType = sourcecode.swift; path = LWTDailyDataViewController.swift; sourceTree = "<group>"; };
		19696388202AD57600C9D9F9 /* LWTCompletedViewController.swift */ = {isa = PBXFileReference; lastKnownFileType = sourcecode.swift; path = LWTCompletedViewController.swift; sourceTree = "<group>"; };
		1969638A202AD5BF00C9D9F9 /* LWTSettingViewController.swift */ = {isa = PBXFileReference; lastKnownFileType = sourcecode.swift; path = LWTSettingViewController.swift; sourceTree = "<group>"; };
		19696394203194D100C9D9F9 /* LWTDBManager.swift */ = {isa = PBXFileReference; lastKnownFileType = sourcecode.swift; path = LWTDBManager.swift; sourceTree = "<group>"; };
		198BD6522034954D00FEA818 /* LWTSettingTableViewCell.swift */ = {isa = PBXFileReference; lastKnownFileType = sourcecode.swift; path = LWTSettingTableViewCell.swift; sourceTree = "<group>"; };
		6ADB714C9CAFBBE4B4D0B0BF /* Pods-littleWhite.release.xcconfig */ = {isa = PBXFileReference; includeInIndex = 1; lastKnownFileType = text.xcconfig; name = "Pods-littleWhite.release.xcconfig"; path = "Pods/Target Support Files/Pods-littleWhite/Pods-littleWhite.release.xcconfig"; sourceTree = "<group>"; };
		B3067DD201EC1F79C625D47C /* Pods-littleWhite.debug.xcconfig */ = {isa = PBXFileReference; includeInIndex = 1; lastKnownFileType = text.xcconfig; name = "Pods-littleWhite.debug.xcconfig"; path = "Pods/Target Support Files/Pods-littleWhite/Pods-littleWhite.debug.xcconfig"; sourceTree = "<group>"; };
/* End PBXFileReference section */

/* Begin PBXFrameworksBuildPhase section */
		1969632F202A9AF900C9D9F9 /* Frameworks */ = {
			isa = PBXFrameworksBuildPhase;
			buildActionMask = 2147483647;
			files = (
				E2C5563B60EB8ADFFCEC2C81 /* Pods_littleWhite.framework in Frameworks */,
			);
			runOnlyForDeploymentPostprocessing = 0;
		};
		19696343202A9AF900C9D9F9 /* Frameworks */ = {
			isa = PBXFrameworksBuildPhase;
			buildActionMask = 2147483647;
			files = (
			);
			runOnlyForDeploymentPostprocessing = 0;
		};
		1969634E202A9AF900C9D9F9 /* Frameworks */ = {
			isa = PBXFrameworksBuildPhase;
			buildActionMask = 2147483647;
			files = (
			);
			runOnlyForDeploymentPostprocessing = 0;
		};
/* End PBXFrameworksBuildPhase section */

/* Begin PBXGroup section */
		19696329202A9AF900C9D9F9 = {
			isa = PBXGroup;
			children = (
				19696334202A9AF900C9D9F9 /* littleWhite */,
				19696349202A9AF900C9D9F9 /* littleWhiteTests */,
				19696354202A9AF900C9D9F9 /* littleWhiteUITests */,
				19696333202A9AF900C9D9F9 /* Products */,
				8CD355C7E27D4192A1E3B40F /* Pods */,
				DB5A647D683CB78B59E5A357 /* Frameworks */,
			);
			sourceTree = "<group>";
		};
		19696333202A9AF900C9D9F9 /* Products */ = {
			isa = PBXGroup;
			children = (
				19696332202A9AF900C9D9F9 /* littleWhite.app */,
				19696346202A9AF900C9D9F9 /* littleWhiteTests.xctest */,
				19696351202A9AF900C9D9F9 /* littleWhiteUITests.xctest */,
			);
			name = Products;
			sourceTree = "<group>";
		};
		19696334202A9AF900C9D9F9 /* littleWhite */ = {
			isa = PBXGroup;
			children = (
				19696367202AD30D00C9D9F9 /* Class */,
				19696339202A9AF900C9D9F9 /* Main.storyboard */,
				1969633C202A9AF900C9D9F9 /* Assets.xcassets */,
				1969633E202A9AF900C9D9F9 /* LaunchScreen.storyboard */,
				19696341202A9AF900C9D9F9 /* Info.plist */,
			);
			path = littleWhite;
			sourceTree = "<group>";
		};
		19696349202A9AF900C9D9F9 /* littleWhiteTests */ = {
			isa = PBXGroup;
			children = (
				1969634A202A9AF900C9D9F9 /* littleWhiteTests.swift */,
				1969634C202A9AF900C9D9F9 /* Info.plist */,
			);
			path = littleWhiteTests;
			sourceTree = "<group>";
		};
		19696354202A9AF900C9D9F9 /* littleWhiteUITests */ = {
			isa = PBXGroup;
			children = (
				19696355202A9AF900C9D9F9 /* littleWhiteUITests.swift */,
				19696357202A9AF900C9D9F9 /* Info.plist */,
			);
			path = littleWhiteUITests;
			sourceTree = "<group>";
		};
		19696367202AD30D00C9D9F9 /* Class */ = {
			isa = PBXGroup;
			children = (
				19696378202AD30D00C9D9F9 /* Main */,
				1969636C202AD30D00C9D9F9 /* learnTimer */,
				19696370202AD30D00C9D9F9 /* dailyData */,
				19696368202AD30D00C9D9F9 /* completed */,
				19696374202AD30D00C9D9F9 /* setting */,
			);
			path = Class;
			sourceTree = "<group>";
		};
		19696368202AD30D00C9D9F9 /* completed */ = {
			isa = PBXGroup;
			children = (
				19696369202AD30D00C9D9F9 /* Controller */,
				1969636A202AD30D00C9D9F9 /* Model */,
				1969636B202AD30D00C9D9F9 /* View */,
			);
			path = completed;
			sourceTree = "<group>";
		};
		19696369202AD30D00C9D9F9 /* Controller */ = {
			isa = PBXGroup;
			children = (
				19696388202AD57600C9D9F9 /* LWTCompletedViewController.swift */,
			);
			path = Controller;
			sourceTree = "<group>";
		};
		1969636A202AD30D00C9D9F9 /* Model */ = {
			isa = PBXGroup;
			children = (
			);
			path = Model;
			sourceTree = "<group>";
		};
		1969636B202AD30D00C9D9F9 /* View */ = {
			isa = PBXGroup;
			children = (
			);
			path = View;
			sourceTree = "<group>";
		};
		1969636C202AD30D00C9D9F9 /* learnTimer */ = {
			isa = PBXGroup;
			children = (
				1969636D202AD30D00C9D9F9 /* Controller */,
				1969636E202AD30D00C9D9F9 /* Model */,
				1969636F202AD30D00C9D9F9 /* View */,
			);
			path = learnTimer;
			sourceTree = "<group>";
		};
		1969636D202AD30D00C9D9F9 /* Controller */ = {
			isa = PBXGroup;
			children = (
				19696384202AD46E00C9D9F9 /* LWTLearnTimerViewController.swift */,
			);
			path = Controller;
			sourceTree = "<group>";
		};
		1969636E202AD30D00C9D9F9 /* Model */ = {
			isa = PBXGroup;
			children = (
			);
			path = Model;
			sourceTree = "<group>";
		};
		1969636F202AD30D00C9D9F9 /* View */ = {
			isa = PBXGroup;
			children = (
			);
			path = View;
			sourceTree = "<group>";
		};
		19696370202AD30D00C9D9F9 /* dailyData */ = {
			isa = PBXGroup;
			children = (
				19696371202AD30D00C9D9F9 /* Controller */,
				19696372202AD30D00C9D9F9 /* Model */,
				19696373202AD30D00C9D9F9 /* View */,
			);
			path = dailyData;
			sourceTree = "<group>";
		};
		19696371202AD30D00C9D9F9 /* Controller */ = {
			isa = PBXGroup;
			children = (
				19696386202AD48400C9D9F9 /* LWTDailyDataViewController.swift */,
			);
			path = Controller;
			sourceTree = "<group>";
		};
		19696372202AD30D00C9D9F9 /* Model */ = {
			isa = PBXGroup;
			children = (
			);
			path = Model;
			sourceTree = "<group>";
		};
		19696373202AD30D00C9D9F9 /* View */ = {
			isa = PBXGroup;
			children = (
			);
			path = View;
			sourceTree = "<group>";
		};
		19696374202AD30D00C9D9F9 /* setting */ = {
			isa = PBXGroup;
			children = (
				19696375202AD30D00C9D9F9 /* Controller */,
				19696376202AD30D00C9D9F9 /* Model */,
				19696377202AD30D00C9D9F9 /* View */,
			);
			path = setting;
			sourceTree = "<group>";
		};
		19696375202AD30D00C9D9F9 /* Controller */ = {
			isa = PBXGroup;
			children = (
				1969638A202AD5BF00C9D9F9 /* LWTSettingViewController.swift */,
			);
			path = Controller;
			sourceTree = "<group>";
		};
		19696376202AD30D00C9D9F9 /* Model */ = {
			isa = PBXGroup;
			children = (
			);
			path = Model;
			sourceTree = "<group>";
		};
		19696377202AD30D00C9D9F9 /* View */ = {
			isa = PBXGroup;
			children = (
				198BD6522034954D00FEA818 /* LWTSettingTableViewCell.swift */,
			);
			path = View;
			sourceTree = "<group>";
		};
		19696378202AD30D00C9D9F9 /* Main */ = {
			isa = PBXGroup;
			children = (
				19696393203194A100C9D9F9 /* Tool */,
				19696379202AD30D00C9D9F9 /* Other */,
				1969637C202AD30D00C9D9F9 /* Controller */,
				1969637F202AD30D00C9D9F9 /* Lib */,
			);
			path = Main;
			sourceTree = "<group>";
		};
		19696379202AD30D00C9D9F9 /* Other */ = {
			isa = PBXGroup;
			children = (
				1969637A202AD30D00C9D9F9 /* LWTConfig.swift */,
				1969637B202AD30D00C9D9F9 /* AppDelegate.swift */,
			);
			path = Other;
			sourceTree = "<group>";
		};
		1969637C202AD30D00C9D9F9 /* Controller */ = {
			isa = PBXGroup;
			children = (
				1969637D202AD30D00C9D9F9 /* ViewController.swift */,
				1969637E202AD30D00C9D9F9 /* LWTTabBarController.swift */,
			);
			path = Controller;
			sourceTree = "<group>";
		};
		1969637F202AD30D00C9D9F9 /* Lib */ = {
			isa = PBXGroup;
			children = (
			);
			path = Lib;
			sourceTree = "<group>";
		};
		19696393203194A100C9D9F9 /* Tool */ = {
			isa = PBXGroup;
			children = (
				19696394203194D100C9D9F9 /* LWTDBManager.swift */,
			);
			path = Tool;
			sourceTree = "<group>";
		};
		8CD355C7E27D4192A1E3B40F /* Pods */ = {
			isa = PBXGroup;
			children = (
				B3067DD201EC1F79C625D47C /* Pods-littleWhite.debug.xcconfig */,
				6ADB714C9CAFBBE4B4D0B0BF /* Pods-littleWhite.release.xcconfig */,
			);
			name = Pods;
			sourceTree = "<group>";
		};
		DB5A647D683CB78B59E5A357 /* Frameworks */ = {
			isa = PBXGroup;
			children = (
				0F81A3ADA8946D3D5502A42F /* Pods_littleWhite.framework */,
			);
			name = Frameworks;
			sourceTree = "<group>";
		};
/* End PBXGroup section */

/* Begin PBXNativeTarget section */
		19696331202A9AF900C9D9F9 /* littleWhite */ = {
			isa = PBXNativeTarget;
			buildConfigurationList = 1969635A202A9AF900C9D9F9 /* Build configuration list for PBXNativeTarget "littleWhite" */;
			buildPhases = (
				28B0D44CABC75114D37E7358 /* [CP] Check Pods Manifest.lock */,
				1969632E202A9AF900C9D9F9 /* Sources */,
				1969632F202A9AF900C9D9F9 /* Frameworks */,
				19696330202A9AF900C9D9F9 /* Resources */,
				65B88822135B37C1D6B47C4C /* [CP] Embed Pods Frameworks */,
				8570B97A164479091730BCAC /* [CP] Copy Pods Resources */,
			);
			buildRules = (
			);
			dependencies = (
			);
			name = littleWhite;
			productName = littleWhite;
			productReference = 19696332202A9AF900C9D9F9 /* littleWhite.app */;
			productType = "com.apple.product-type.application";
		};
		19696345202A9AF900C9D9F9 /* littleWhiteTests */ = {
			isa = PBXNativeTarget;
			buildConfigurationList = 1969635D202A9AF900C9D9F9 /* Build configuration list for PBXNativeTarget "littleWhiteTests" */;
			buildPhases = (
				19696342202A9AF900C9D9F9 /* Sources */,
				19696343202A9AF900C9D9F9 /* Frameworks */,
				19696344202A9AF900C9D9F9 /* Resources */,
			);
			buildRules = (
			);
			dependencies = (
				19696348202A9AF900C9D9F9 /* PBXTargetDependency */,
			);
			name = littleWhiteTests;
			productName = littleWhiteTests;
			productReference = 19696346202A9AF900C9D9F9 /* littleWhiteTests.xctest */;
			productType = "com.apple.product-type.bundle.unit-test";
		};
		19696350202A9AF900C9D9F9 /* littleWhiteUITests */ = {
			isa = PBXNativeTarget;
			buildConfigurationList = 19696360202A9AF900C9D9F9 /* Build configuration list for PBXNativeTarget "littleWhiteUITests" */;
			buildPhases = (
				1969634D202A9AF900C9D9F9 /* Sources */,
				1969634E202A9AF900C9D9F9 /* Frameworks */,
				1969634F202A9AF900C9D9F9 /* Resources */,
			);
			buildRules = (
			);
			dependencies = (
				19696353202A9AF900C9D9F9 /* PBXTargetDependency */,
			);
			name = littleWhiteUITests;
			productName = littleWhiteUITests;
			productReference = 19696351202A9AF900C9D9F9 /* littleWhiteUITests.xctest */;
			productType = "com.apple.product-type.bundle.ui-testing";
		};
/* End PBXNativeTarget section */

/* Begin PBXProject section */
		1969632A202A9AF900C9D9F9 /* Project object */ = {
			isa = PBXProject;
			attributes = {
				CLASSPREFIX = LWT;
				LastSwiftUpdateCheck = 0910;
				LastUpgradeCheck = 0910;
				ORGANIZATIONNAME = zynabc;
				TargetAttributes = {
					19696331202A9AF900C9D9F9 = {
						CreatedOnToolsVersion = 9.1;
						ProvisioningStyle = Automatic;
					};
					19696345202A9AF900C9D9F9 = {
						CreatedOnToolsVersion = 9.1;
						ProvisioningStyle = Automatic;
						TestTargetID = 19696331202A9AF900C9D9F9;
					};
					19696350202A9AF900C9D9F9 = {
						CreatedOnToolsVersion = 9.1;
						ProvisioningStyle = Automatic;
						TestTargetID = 19696331202A9AF900C9D9F9;
					};
				};
			};
			buildConfigurationList = 1969632D202A9AF900C9D9F9 /* Build configuration list for PBXProject "littleWhite" */;
			compatibilityVersion = "Xcode 8.0";
			developmentRegion = en;
			hasScannedForEncodings = 0;
			knownRegions = (
				en,
				Base,
			);
			mainGroup = 19696329202A9AF900C9D9F9;
			productRefGroup = 19696333202A9AF900C9D9F9 /* Products */;
			projectDirPath = "";
			projectRoot = "";
			targets = (
				19696331202A9AF900C9D9F9 /* littleWhite */,
				19696345202A9AF900C9D9F9 /* littleWhiteTests */,
				19696350202A9AF900C9D9F9 /* littleWhiteUITests */,
			);
		};
/* End PBXProject section */

/* Begin PBXResourcesBuildPhase section */
		19696330202A9AF900C9D9F9 /* Resources */ = {
			isa = PBXResourcesBuildPhase;
			buildActionMask = 2147483647;
			files = (
				19696340202A9AF900C9D9F9 /* LaunchScreen.storyboard in Resources */,
				1969633D202A9AF900C9D9F9 /* Assets.xcassets in Resources */,
				1969633B202A9AF900C9D9F9 /* Main.storyboard in Resources */,
			);
			runOnlyForDeploymentPostprocessing = 0;
		};
		19696344202A9AF900C9D9F9 /* Resources */ = {
			isa = PBXResourcesBuildPhase;
			buildActionMask = 2147483647;
			files = (
			);
			runOnlyForDeploymentPostprocessing = 0;
		};
		1969634F202A9AF900C9D9F9 /* Resources */ = {
			isa = PBXResourcesBuildPhase;
			buildActionMask = 2147483647;
			files = (
			);
			runOnlyForDeploymentPostprocessing = 0;
		};
/* End PBXResourcesBuildPhase section */

/* Begin PBXShellScriptBuildPhase section */
		28B0D44CABC75114D37E7358 /* [CP] Check Pods Manifest.lock */ = {
			isa = PBXShellScriptBuildPhase;
			buildActionMask = 2147483647;
			files = (
			);
			inputPaths = (
				"${PODS_PODFILE_DIR_PATH}/Podfile.lock",
				"${PODS_ROOT}/Manifest.lock",
			);
			name = "[CP] Check Pods Manifest.lock";
			outputPaths = (
				"$(DERIVED_FILE_DIR)/Pods-littleWhite-checkManifestLockResult.txt",
			);
			runOnlyForDeploymentPostprocessing = 0;
			shellPath = /bin/sh;
			shellScript = "diff \"${PODS_PODFILE_DIR_PATH}/Podfile.lock\" \"${PODS_ROOT}/Manifest.lock\" > /dev/null\nif [ $? != 0 ] ; then\n    # print error to STDERR\n    echo \"error: The sandbox is not in sync with the Podfile.lock. Run 'pod install' or update your CocoaPods installation.\" >&2\n    exit 1\nfi\n# This output is used by Xcode 'outputs' to avoid re-running this script phase.\necho \"SUCCESS\" > \"${SCRIPT_OUTPUT_FILE_0}\"\n";
			showEnvVarsInLog = 0;
		};
		65B88822135B37C1D6B47C4C /* [CP] Embed Pods Frameworks */ = {
			isa = PBXShellScriptBuildPhase;
			buildActionMask = 2147483647;
			files = (
			);
			inputPaths = (
				"${SRCROOT}/Pods/Target Support Files/Pods-littleWhite/Pods-littleWhite-frameworks.sh",
				"${BUILT_PRODUCTS_DIR}/FMDB/FMDB.framework",
				"${BUILT_PRODUCTS_DIR}/SnapKit/SnapKit.framework",
			);
			name = "[CP] Embed Pods Frameworks";
			outputPaths = (
				"${TARGET_BUILD_DIR}/${FRAMEWORKS_FOLDER_PATH}/FMDB.framework",
				"${TARGET_BUILD_DIR}/${FRAMEWORKS_FOLDER_PATH}/SnapKit.framework",
			);
			runOnlyForDeploymentPostprocessing = 0;
			shellPath = /bin/sh;
			shellScript = "\"${SRCROOT}/Pods/Target Support Files/Pods-littleWhite/Pods-littleWhite-frameworks.sh\"\n";
			showEnvVarsInLog = 0;
		};
		8570B97A164479091730BCAC /* [CP] Copy Pods Resources */ = {
			isa = PBXShellScriptBuildPhase;
			buildActionMask = 2147483647;
			files = (
			);
			inputPaths = (
			);
			name = "[CP] Copy Pods Resources";
			outputPaths = (
			);
			runOnlyForDeploymentPostprocessing = 0;
			shellPath = /bin/sh;
			shellScript = "\"${SRCROOT}/Pods/Target Support Files/Pods-littleWhite/Pods-littleWhite-resources.sh\"\n";
			showEnvVarsInLog = 0;
		};
/* End PBXShellScriptBuildPhase section */

/* Begin PBXSourcesBuildPhase section */
		1969632E202A9AF900C9D9F9 /* Sources */ = {
			isa = PBXSourcesBuildPhase;
			buildActionMask = 2147483647;
			files = (
				19696382202AD30D00C9D9F9 /* ViewController.swift in Sources */,
				19696395203194D100C9D9F9 /* LWTDBManager.swift in Sources */,
				19696385202AD46E00C9D9F9 /* LWTLearnTimerViewController.swift in Sources */,
				19696381202AD30D00C9D9F9 /* AppDelegate.swift in Sources */,
				19696389202AD57600C9D9F9 /* LWTCompletedViewController.swift in Sources */,
				19696380202AD30D00C9D9F9 /* LWTConfig.swift in Sources */,
				198BD6532034954D00FEA818 /* LWTSettingTableViewCell.swift in Sources */,
				1969638B202AD5BF00C9D9F9 /* LWTSettingViewController.swift in Sources */,
				19696387202AD48400C9D9F9 /* LWTDailyDataViewController.swift in Sources */,
				19696383202AD30D00C9D9F9 /* LWTTabBarController.swift in Sources */,
			);
			runOnlyForDeploymentPostprocessing = 0;
		};
		19696342202A9AF900C9D9F9 /* Sources */ = {
			isa = PBXSourcesBuildPhase;
			buildActionMask = 2147483647;
			files = (
				1969634B202A9AF900C9D9F9 /* littleWhiteTests.swift in Sources */,
			);
			runOnlyForDeploymentPostprocessing = 0;
		};
		1969634D202A9AF900C9D9F9 /* Sources */ = {
			isa = PBXSourcesBuildPhase;
			buildActionMask = 2147483647;
			files = (
				19696356202A9AF900C9D9F9 /* littleWhiteUITests.swift in Sources */,
			);
			runOnlyForDeploymentPostprocessing = 0;
		};
/* End PBXSourcesBuildPhase section */

/* Begin PBXTargetDependency section */
		19696348202A9AF900C9D9F9 /* PBXTargetDependency */ = {
			isa = PBXTargetDependency;
			target = 19696331202A9AF900C9D9F9 /* littleWhite */;
			targetProxy = 19696347202A9AF900C9D9F9 /* PBXContainerItemProxy */;
		};
		19696353202A9AF900C9D9F9 /* PBXTargetDependency */ = {
			isa = PBXTargetDependency;
			target = 19696331202A9AF900C9D9F9 /* littleWhite */;
			targetProxy = 19696352202A9AF900C9D9F9 /* PBXContainerItemProxy */;
		};
/* End PBXTargetDependency section */

/* Begin PBXVariantGroup section */
		19696339202A9AF900C9D9F9 /* Main.storyboard */ = {
			isa = PBXVariantGroup;
			children = (
				1969633A202A9AF900C9D9F9 /* Base */,
			);
			name = Main.storyboard;
			sourceTree = "<group>";
		};
		1969633E202A9AF900C9D9F9 /* LaunchScreen.storyboard */ = {
			isa = PBXVariantGroup;
			children = (
				1969633F202A9AF900C9D9F9 /* Base */,
			);
			name = LaunchScreen.storyboard;
			sourceTree = "<group>";
		};
/* End PBXVariantGroup section */

/* Begin XCBuildConfiguration section */
		19696358202A9AF900C9D9F9 /* Debug */ = {
			isa = XCBuildConfiguration;
			buildSettings = {
				ALWAYS_SEARCH_USER_PATHS = NO;
				CLANG_ANALYZER_NONNULL = YES;
				CLANG_ANALYZER_NUMBER_OBJECT_CONVERSION = YES_AGGRESSIVE;
				CLANG_CXX_LANGUAGE_STANDARD = "gnu++14";
				CLANG_CXX_LIBRARY = "libc++";
				CLANG_ENABLE_MODULES = YES;
				CLANG_ENABLE_OBJC_ARC = YES;
				CLANG_WARN_BLOCK_CAPTURE_AUTORELEASING = YES;
				CLANG_WARN_BOOL_CONVERSION = YES;
				CLANG_WARN_COMMA = YES;
				CLANG_WARN_CONSTANT_CONVERSION = YES;
				CLANG_WARN_DIRECT_OBJC_ISA_USAGE = YES_ERROR;
				CLANG_WARN_DOCUMENTATION_COMMENTS = YES;
				CLANG_WARN_EMPTY_BODY = YES;
				CLANG_WARN_ENUM_CONVERSION = YES;
				CLANG_WARN_INFINITE_RECURSION = YES;
				CLANG_WARN_INT_CONVERSION = YES;
				CLANG_WARN_NON_LITERAL_NULL_CONVERSION = YES;
				CLANG_WARN_OBJC_LITERAL_CONVERSION = YES;
				CLANG_WARN_OBJC_ROOT_CLASS = YES_ERROR;
				CLANG_WARN_RANGE_LOOP_ANALYSIS = YES;
				CLANG_WARN_STRICT_PROTOTYPES = YES;
				CLANG_WARN_SUSPICIOUS_MOVE = YES;
				CLANG_WARN_UNGUARDED_AVAILABILITY = YES_AGGRESSIVE;
				CLANG_WARN_UNREACHABLE_CODE = YES;
				CLANG_WARN__DUPLICATE_METHOD_MATCH = YES;
				CODE_SIGN_IDENTITY = "iPhone Developer";
				COPY_PHASE_STRIP = NO;
				DEBUG_INFORMATION_FORMAT = dwarf;
				ENABLE_STRICT_OBJC_MSGSEND = YES;
				ENABLE_TESTABILITY = YES;
				GCC_C_LANGUAGE_STANDARD = gnu11;
				GCC_DYNAMIC_NO_PIC = NO;
				GCC_NO_COMMON_BLOCKS = YES;
				GCC_OPTIMIZATION_LEVEL = 0;
				GCC_PREPROCESSOR_DEFINITIONS = (
					"DEBUG=1",
					"$(inherited)",
				);
				GCC_WARN_64_TO_32_BIT_CONVERSION = YES;
				GCC_WARN_ABOUT_RETURN_TYPE = YES_ERROR;
				GCC_WARN_UNDECLARED_SELECTOR = YES;
				GCC_WARN_UNINITIALIZED_AUTOS = YES_AGGRESSIVE;
				GCC_WARN_UNUSED_FUNCTION = YES;
				GCC_WARN_UNUSED_VARIABLE = YES;
				IPHONEOS_DEPLOYMENT_TARGET = 11.1;
				MTL_ENABLE_DEBUG_INFO = YES;
				ONLY_ACTIVE_ARCH = YES;
				SDKROOT = iphoneos;
				SWIFT_ACTIVE_COMPILATION_CONDITIONS = DEBUG;
				SWIFT_OPTIMIZATION_LEVEL = "-Onone";
			};
			name = Debug;
		};
		19696359202A9AF900C9D9F9 /* Release */ = {
			isa = XCBuildConfiguration;
			buildSettings = {
				ALWAYS_SEARCH_USER_PATHS = NO;
				CLANG_ANALYZER_NONNULL = YES;
				CLANG_ANALYZER_NUMBER_OBJECT_CONVERSION = YES_AGGRESSIVE;
				CLANG_CXX_LANGUAGE_STANDARD = "gnu++14";
				CLANG_CXX_LIBRARY = "libc++";
				CLANG_ENABLE_MODULES = YES;
				CLANG_ENABLE_OBJC_ARC = YES;
				CLANG_WARN_BLOCK_CAPTURE_AUTORELEASING = YES;
				CLANG_WARN_BOOL_CONVERSION = YES;
				CLANG_WARN_COMMA = YES;
				CLANG_WARN_CONSTANT_CONVERSION = YES;
				CLANG_WARN_DIRECT_OBJC_ISA_USAGE = YES_ERROR;
				CLANG_WARN_DOCUMENTATION_COMMENTS = YES;
				CLANG_WARN_EMPTY_BODY = YES;
				CLANG_WARN_ENUM_CONVERSION = YES;
				CLANG_WARN_INFINITE_RECURSION = YES;
				CLANG_WARN_INT_CONVERSION = YES;
				CLANG_WARN_NON_LITERAL_NULL_CONVERSION = YES;
				CLANG_WARN_OBJC_LITERAL_CONVERSION = YES;
				CLANG_WARN_OBJC_ROOT_CLASS = YES_ERROR;
				CLANG_WARN_RANGE_LOOP_ANALYSIS = YES;
				CLANG_WARN_STRICT_PROTOTYPES = YES;
				CLANG_WARN_SUSPICIOUS_MOVE = YES;
				CLANG_WARN_UNGUARDED_AVAILABILITY = YES_AGGRESSIVE;
				CLANG_WARN_UNREACHABLE_CODE = YES;
				CLANG_WARN__DUPLICATE_METHOD_MATCH = YES;
				CODE_SIGN_IDENTITY = "iPhone Developer";
				COPY_PHASE_STRIP = NO;
				DEBUG_INFORMATION_FORMAT = "dwarf-with-dsym";
				ENABLE_NS_ASSERTIONS = NO;
				ENABLE_STRICT_OBJC_MSGSEND = YES;
				GCC_C_LANGUAGE_STANDARD = gnu11;
				GCC_NO_COMMON_BLOCKS = YES;
				GCC_WARN_64_TO_32_BIT_CONVERSION = YES;
				GCC_WARN_ABOUT_RETURN_TYPE = YES_ERROR;
				GCC_WARN_UNDECLARED_SELECTOR = YES;
				GCC_WARN_UNINITIALIZED_AUTOS = YES_AGGRESSIVE;
				GCC_WARN_UNUSED_FUNCTION = YES;
				GCC_WARN_UNUSED_VARIABLE = YES;
				IPHONEOS_DEPLOYMENT_TARGET = 11.1;
				MTL_ENABLE_DEBUG_INFO = NO;
				SDKROOT = iphoneos;
				SWIFT_OPTIMIZATION_LEVEL = "-Owholemodule";
				VALIDATE_PRODUCT = YES;
			};
			name = Release;
		};
		1969635B202A9AF900C9D9F9 /* Debug */ = {
			isa = XCBuildConfiguration;
			baseConfigurationReference = B3067DD201EC1F79C625D47C /* Pods-littleWhite.debug.xcconfig */;
			buildSettings = {
				ASSETCATALOG_COMPILER_APPICON_NAME = AppIcon;
				CODE_SIGN_STYLE = Automatic;
				DEVELOPMENT_TEAM = UA62U3JARN;
				INFOPLIST_FILE = littleWhite/Info.plist;
				LD_RUNPATH_SEARCH_PATHS = "$(inherited) @executable_path/Frameworks";
				PRODUCT_BUNDLE_IDENTIFIER = com.zyn.littleWhite;
				PRODUCT_NAME = "$(TARGET_NAME)";
				SWIFT_VERSION = 4.0;
				TARGETED_DEVICE_FAMILY = "1,2";
			};
			name = Debug;
		};
		1969635C202A9AF900C9D9F9 /* Release */ = {
			isa = XCBuildConfiguration;
			baseConfigurationReference = 6ADB714C9CAFBBE4B4D0B0BF /* Pods-littleWhite.release.xcconfig */;
			buildSettings = {
				ASSETCATALOG_COMPILER_APPICON_NAME = AppIcon;
				CODE_SIGN_STYLE = Automatic;
				DEVELOPMENT_TEAM = UA62U3JARN;
				INFOPLIST_FILE = littleWhite/Info.plist;
				LD_RUNPATH_SEARCH_PATHS = "$(inherited) @executable_path/Frameworks";
				PRODUCT_BUNDLE_IDENTIFIER = com.zyn.littleWhite;
				PRODUCT_NAME = "$(TARGET_NAME)";
				SWIFT_VERSION = 4.0;
				TARGETED_DEVICE_FAMILY = "1,2";
			};
			name = Release;
		};
		1969635E202A9AF900C9D9F9 /* Debug */ = {
			isa = XCBuildConfiguration;
			buildSettings = {
				ALWAYS_EMBED_SWIFT_STANDARD_LIBRARIES = YES;
				BUNDLE_LOADER = "$(TEST_HOST)";
				CODE_SIGN_STYLE = Automatic;
				DEVELOPMENT_TEAM = UA62U3JARN;
				INFOPLIST_FILE = littleWhiteTests/Info.plist;
				LD_RUNPATH_SEARCH_PATHS = "$(inherited) @executable_path/Frameworks @loader_path/Frameworks";
				PRODUCT_BUNDLE_IDENTIFIER = com.zyn.littleWhiteTests;
				PRODUCT_NAME = "$(TARGET_NAME)";
				SWIFT_VERSION = 4.0;
				TARGETED_DEVICE_FAMILY = "1,2";
				TEST_HOST = "$(BUILT_PRODUCTS_DIR)/littleWhite.app/littleWhite";
			};
			name = Debug;
		};
		1969635F202A9AF900C9D9F9 /* Release */ = {
			isa = XCBuildConfiguration;
			buildSettings = {
				ALWAYS_EMBED_SWIFT_STANDARD_LIBRARIES = YES;
				BUNDLE_LOADER = "$(TEST_HOST)";
				CODE_SIGN_STYLE = Automatic;
				DEVELOPMENT_TEAM = UA62U3JARN;
				INFOPLIST_FILE = littleWhiteTests/Info.plist;
				LD_RUNPATH_SEARCH_PATHS = "$(inherited) @executable_path/Frameworks @loader_path/Frameworks";
				PRODUCT_BUNDLE_IDENTIFIER = com.zyn.littleWhiteTests;
				PRODUCT_NAME = "$(TARGET_NAME)";
				SWIFT_VERSION = 4.0;
				TARGETED_DEVICE_FAMILY = "1,2";
				TEST_HOST = "$(BUILT_PRODUCTS_DIR)/littleWhite.app/littleWhite";
			};
			name = Release;
		};
		19696361202A9AF900C9D9F9 /* Debug */ = {
			isa = XCBuildConfiguration;
			buildSettings = {
				ALWAYS_EMBED_SWIFT_STANDARD_LIBRARIES = YES;
				CODE_SIGN_STYLE = Automatic;
				DEVELOPMENT_TEAM = UA62U3JARN;
				INFOPLIST_FILE = littleWhiteUITests/Info.plist;
				LD_RUNPATH_SEARCH_PATHS = "$(inherited) @executable_path/Frameworks @loader_path/Frameworks";
				PRODUCT_BUNDLE_IDENTIFIER = com.zyn.littleWhiteUITests;
				PRODUCT_NAME = "$(TARGET_NAME)";
				SWIFT_VERSION = 4.0;
				TARGETED_DEVICE_FAMILY = "1,2";
				TEST_TARGET_NAME = littleWhite;
			};
			name = Debug;
		};
		19696362202A9AF900C9D9F9 /* Release */ = {
			isa = XCBuildConfiguration;
			buildSettings = {
				ALWAYS_EMBED_SWIFT_STANDARD_LIBRARIES = YES;
				CODE_SIGN_STYLE = Automatic;
				DEVELOPMENT_TEAM = UA62U3JARN;
				INFOPLIST_FILE = littleWhiteUITests/Info.plist;
				LD_RUNPATH_SEARCH_PATHS = "$(inherited) @executable_path/Frameworks @loader_path/Frameworks";
				PRODUCT_BUNDLE_IDENTIFIER = com.zyn.littleWhiteUITests;
				PRODUCT_NAME = "$(TARGET_NAME)";
				SWIFT_VERSION = 4.0;
				TARGETED_DEVICE_FAMILY = "1,2";
				TEST_TARGET_NAME = littleWhite;
			};
			name = Release;
		};
/* End XCBuildConfiguration section */

/* Begin XCConfigurationList section */
		1969632D202A9AF900C9D9F9 /* Build configuration list for PBXProject "littleWhite" */ = {
			isa = XCConfigurationList;
			buildConfigurations = (
				19696358202A9AF900C9D9F9 /* Debug */,
				19696359202A9AF900C9D9F9 /* Release */,
			);
			defaultConfigurationIsVisible = 0;
			defaultConfigurationName = Release;
		};
		1969635A202A9AF900C9D9F9 /* Build configuration list for PBXNativeTarget "littleWhite" */ = {
			isa = XCConfigurationList;
			buildConfigurations = (
				1969635B202A9AF900C9D9F9 /* Debug */,
				1969635C202A9AF900C9D9F9 /* Release */,
			);
			defaultConfigurationIsVisible = 0;
			defaultConfigurationName = Release;
		};
		1969635D202A9AF900C9D9F9 /* Build configuration list for PBXNativeTarget "littleWhiteTests" */ = {
			isa = XCConfigurationList;
			buildConfigurations = (
				1969635E202A9AF900C9D9F9 /* Debug */,
				1969635F202A9AF900C9D9F9 /* Release */,
			);
			defaultConfigurationIsVisible = 0;
			defaultConfigurationName = Release;
		};
		19696360202A9AF900C9D9F9 /* Build configuration list for PBXNativeTarget "littleWhiteUITests" */ = {
			isa = XCConfigurationList;
			buildConfigurations = (
				19696361202A9AF900C9D9F9 /* Debug */,
				19696362202A9AF900C9D9F9 /* Release */,
			);
			defaultConfigurationIsVisible = 0;
			defaultConfigurationName = Release;
		};
/* End XCConfigurationList section */
	};
	rootObject = 1969632A202A9AF900C9D9F9 /* Project object */;
}
